dependencies:
- name: postgresql
  repository: https://charts.bitnami.com/bitnami
  version: 18.1.11
- name: redis
  repository: https://charts.bitnami.com/bitnami
  version: 23.2.12
digest: sha256:fa592f0ed87780e406d2f1b22dc51eebcdde8320850be1c3b73fd66dedecd56a
generated: "2025-11-21T15:35:07.998312627+03:30"
